
Microsoft Visual Studio Solution File, Format Version 12.00
# Visual Studio 15
VisualStudioVersion = 15.0.28307.421
MinimumVisualStudioVersion = 10.0.40219.1
Project("{FAE04EC0-301F-11D3-BF4B-00C04F79EFBC}") = "E2", "E2\E2.csproj", "{315FE13E-8107-411F-8AAF-C887E979359E}"
EndProject
Project("{FAE04EC0-301F-11D3-BF4B-00C04F79EFBC}") = "E2Tests", "E2Tests\E2Tests.csproj", "{83BDA373-7DFE-419E-AB35-C2FB0EED4198}"
EndProject
Global
	GlobalSection(SolutionConfigurationPlatforms) = preSolution
		Debug|Any CPU = Debug|Any CPU
		Release|Any CPU = Release|Any CPU
	EndGlobalSection
	GlobalSection(ProjectConfigurationPlatforms) = postSolution
		{315FE13E-8107-411F-8AAF-C887E979359E}.Debug|Any CPU.ActiveCfg = Debug|Any CPU
		{315FE13E-8107-411F-8AAF-C887E979359E}.Debug|Any CPU.Build.0 = Debug|Any CPU
		{315FE13E-8107-411F-8AAF-C887E979359E}.Release|Any CPU.ActiveCfg = Release|Any CPU
		{315FE13E-8107-411F-8AAF-C887E979359E}.Release|Any CPU.Build.0 = Release|Any CPU
		{83BDA373-7DFE-419E-AB35-C2FB0EED4198}.Debug|Any CPU.ActiveCfg = Debug|Any CPU
		{83BDA373-7DFE-419E-AB35-C2FB0EED4198}.Debug|Any CPU.Build.0 = Debug|Any CPU
		{83BDA373-7DFE-419E-AB35-C2FB0EED4198}.Release|Any CPU.ActiveCfg = Release|Any CPU
		{83BDA373-7DFE-419E-AB35-C2FB0EED4198}.Release|Any CPU.Build.0 = Release|Any CPU
	EndGlobalSection
	GlobalSection(SolutionProperties) = preSolution
		HideSolutionNode = FALSE
	EndGlobalSection
	GlobalSection(ExtensibilityGlobals) = postSolution
		SolutionGuid = {1BF5A946-E1AE-4873-8E7E-24BEDD059101}
	EndGlobalSection
EndGlobal
