
Microsoft Visual Studio Solution File, Format Version 12.00
# Visual Studio 15
VisualStudioVersion = 15.0.28307.421
MinimumVisualStudioVersion = 10.0.40219.1
Project("{FAE04EC0-301F-11D3-BF4B-00C04F79EFBC}") = "P1", "P1\P1.csproj", "{EEAF504C-EC94-4DA0-8852-091FC0C93833}"
EndProject
Project("{FAE04EC0-301F-11D3-BF4B-00C04F79EFBC}") = "P1Tests", "P1Tests\P1Tests.csproj", "{81C0E8EF-26BD-402F-A5BC-11CCA1843173}"
EndProject
Global
	GlobalSection(SolutionConfigurationPlatforms) = preSolution
		Debug|Any CPU = Debug|Any CPU
		Release|Any CPU = Release|Any CPU
	EndGlobalSection
	GlobalSection(ProjectConfigurationPlatforms) = postSolution
		{EEAF504C-EC94-4DA0-8852-091FC0C93833}.Debug|Any CPU.ActiveCfg = Debug|Any CPU
		{EEAF504C-EC94-4DA0-8852-091FC0C93833}.Debug|Any CPU.Build.0 = Debug|Any CPU
		{EEAF504C-EC94-4DA0-8852-091FC0C93833}.Release|Any CPU.ActiveCfg = Release|Any CPU
		{EEAF504C-EC94-4DA0-8852-091FC0C93833}.Release|Any CPU.Build.0 = Release|Any CPU
		{81C0E8EF-26BD-402F-A5BC-11CCA1843173}.Debug|Any CPU.ActiveCfg = Debug|Any CPU
		{81C0E8EF-26BD-402F-A5BC-11CCA1843173}.Debug|Any CPU.Build.0 = Debug|Any CPU
		{81C0E8EF-26BD-402F-A5BC-11CCA1843173}.Release|Any CPU.ActiveCfg = Release|Any CPU
		{81C0E8EF-26BD-402F-A5BC-11CCA1843173}.Release|Any CPU.Build.0 = Release|Any CPU
	EndGlobalSection
	GlobalSection(SolutionProperties) = preSolution
		HideSolutionNode = FALSE
	EndGlobalSection
	GlobalSection(ExtensibilityGlobals) = postSolution
		SolutionGuid = {35CAF769-3ADF-4070-9AFD-F97CA264818D}
	EndGlobalSection
EndGlobal
