
Microsoft Visual Studio Solution File, Format Version 12.00
# Visual Studio 15
VisualStudioVersion = 15.0.28307.421
MinimumVisualStudioVersion = 10.0.40219.1
Project("{FAE04EC0-301F-11D3-BF4B-00C04F79EFBC}") = "E1", "E1\E1.csproj", "{202F3157-7B99-4930-8587-C3FB703A6269}"
EndProject
Project("{FAE04EC0-301F-11D3-BF4B-00C04F79EFBC}") = "E1Tests", "E1Tests\E1Tests.csproj", "{3D71969E-5005-441B-AF6D-E1CAF46AD72A}"
EndProject
Global
	GlobalSection(SolutionConfigurationPlatforms) = preSolution
		Debug|Any CPU = Debug|Any CPU
		Release|Any CPU = Release|Any CPU
	EndGlobalSection
	GlobalSection(ProjectConfigurationPlatforms) = postSolution
		{202F3157-7B99-4930-8587-C3FB703A6269}.Debug|Any CPU.ActiveCfg = Debug|Any CPU
		{202F3157-7B99-4930-8587-C3FB703A6269}.Debug|Any CPU.Build.0 = Debug|Any CPU
		{202F3157-7B99-4930-8587-C3FB703A6269}.Release|Any CPU.ActiveCfg = Release|Any CPU
		{202F3157-7B99-4930-8587-C3FB703A6269}.Release|Any CPU.Build.0 = Release|Any CPU
		{3D71969E-5005-441B-AF6D-E1CAF46AD72A}.Debug|Any CPU.ActiveCfg = Debug|Any CPU
		{3D71969E-5005-441B-AF6D-E1CAF46AD72A}.Debug|Any CPU.Build.0 = Debug|Any CPU
		{3D71969E-5005-441B-AF6D-E1CAF46AD72A}.Release|Any CPU.ActiveCfg = Release|Any CPU
		{3D71969E-5005-441B-AF6D-E1CAF46AD72A}.Release|Any CPU.Build.0 = Release|Any CPU
	EndGlobalSection
	GlobalSection(SolutionProperties) = preSolution
		HideSolutionNode = FALSE
	EndGlobalSection
	GlobalSection(ExtensibilityGlobals) = postSolution
		SolutionGuid = {6416F4D0-786D-431D-AE35-6E60745550A3}
	EndGlobalSection
EndGlobal
