
Microsoft Visual Studio Solution File, Format Version 12.00
# Visual Studio 15
VisualStudioVersion = 15.0.28307.421
MinimumVisualStudioVersion = 10.0.40219.1
Project("{FAE04EC0-301F-11D3-BF4B-00C04F79EFBC}") = "A9", "A9\A9.csproj", "{E990BCBA-E38B-42E8-BF00-7AC91FA8494B}"
EndProject
Project("{FAE04EC0-301F-11D3-BF4B-00C04F79EFBC}") = "A9Tests", "A9Tests\A9Tests.csproj", "{853D0C75-B8C5-48F7-9753-D8786A3E4741}"
EndProject
Global
	GlobalSection(SolutionConfigurationPlatforms) = preSolution
		Debug|Any CPU = Debug|Any CPU
		Release|Any CPU = Release|Any CPU
	EndGlobalSection
	GlobalSection(ProjectConfigurationPlatforms) = postSolution
		{E990BCBA-E38B-42E8-BF00-7AC91FA8494B}.Debug|Any CPU.ActiveCfg = Release|Any CPU
		{E990BCBA-E38B-42E8-BF00-7AC91FA8494B}.Debug|Any CPU.Build.0 = Release|Any CPU
		{E990BCBA-E38B-42E8-BF00-7AC91FA8494B}.Release|Any CPU.ActiveCfg = Release|Any CPU
		{E990BCBA-E38B-42E8-BF00-7AC91FA8494B}.Release|Any CPU.Build.0 = Release|Any CPU
		{853D0C75-B8C5-48F7-9753-D8786A3E4741}.Debug|Any CPU.ActiveCfg = Release|Any CPU
		{853D0C75-B8C5-48F7-9753-D8786A3E4741}.Debug|Any CPU.Build.0 = Release|Any CPU
		{853D0C75-B8C5-48F7-9753-D8786A3E4741}.Release|Any CPU.ActiveCfg = Release|Any CPU
		{853D0C75-B8C5-48F7-9753-D8786A3E4741}.Release|Any CPU.Build.0 = Release|Any CPU
	EndGlobalSection
	GlobalSection(SolutionProperties) = preSolution
		HideSolutionNode = FALSE
	EndGlobalSection
	GlobalSection(ExtensibilityGlobals) = postSolution
		SolutionGuid = {4B24E724-0182-4771-AD32-E25B69A197FB}
	EndGlobalSection
EndGlobal
