
Microsoft Visual Studio Solution File, Format Version 12.00
# Visual Studio 15
VisualStudioVersion = 15.0.28307.421
MinimumVisualStudioVersion = 10.0.40219.1
Project("{FAE04EC0-301F-11D3-BF4B-00C04F79EFBC}") = "A3", "A3\A3.csproj", "{D3E0240D-6B94-4D66-B8A9-31E227A0DCF0}"
EndProject
Project("{FAE04EC0-301F-11D3-BF4B-00C04F79EFBC}") = "A3Tests", "A3Tests\A3Tests.csproj", "{B618DAB7-E13F-49DC-8EE1-0E4411F793F9}"
EndProject
Global
	GlobalSection(SolutionConfigurationPlatforms) = preSolution
		Debug|Any CPU = Debug|Any CPU
		Release|Any CPU = Release|Any CPU
	EndGlobalSection
	GlobalSection(ProjectConfigurationPlatforms) = postSolution
		{D3E0240D-6B94-4D66-B8A9-31E227A0DCF0}.Debug|Any CPU.ActiveCfg = Debug|Any CPU
		{D3E0240D-6B94-4D66-B8A9-31E227A0DCF0}.Debug|Any CPU.Build.0 = Debug|Any CPU
		{D3E0240D-6B94-4D66-B8A9-31E227A0DCF0}.Release|Any CPU.ActiveCfg = Release|Any CPU
		{D3E0240D-6B94-4D66-B8A9-31E227A0DCF0}.Release|Any CPU.Build.0 = Release|Any CPU
		{B618DAB7-E13F-49DC-8EE1-0E4411F793F9}.Debug|Any CPU.ActiveCfg = Debug|Any CPU
		{B618DAB7-E13F-49DC-8EE1-0E4411F793F9}.Debug|Any CPU.Build.0 = Debug|Any CPU
		{B618DAB7-E13F-49DC-8EE1-0E4411F793F9}.Release|Any CPU.ActiveCfg = Release|Any CPU
		{B618DAB7-E13F-49DC-8EE1-0E4411F793F9}.Release|Any CPU.Build.0 = Release|Any CPU
	EndGlobalSection
	GlobalSection(SolutionProperties) = preSolution
		HideSolutionNode = FALSE
	EndGlobalSection
	GlobalSection(ExtensibilityGlobals) = postSolution
		SolutionGuid = {F429FFF7-248C-406D-83D5-2BE4015E3689}
	EndGlobalSection
EndGlobal
