
Microsoft Visual Studio Solution File, Format Version 12.00
# Visual Studio 15
VisualStudioVersion = 15.0.28307.421
MinimumVisualStudioVersion = 10.0.40219.1
Project("{FAE04EC0-301F-11D3-BF4B-00C04F79EFBC}") = "A12", "A12\A12.csproj", "{ED9D7113-8989-4173-9915-0FABFA3C8CBC}"
EndProject
Project("{FAE04EC0-301F-11D3-BF4B-00C04F79EFBC}") = "A12Tests", "A12Tests\A12Tests.csproj", "{E840BD93-8A12-4F36-93C6-B5408707D4AA}"
EndProject
Global
	GlobalSection(SolutionConfigurationPlatforms) = preSolution
		Debug|Any CPU = Debug|Any CPU
		Release|Any CPU = Release|Any CPU
	EndGlobalSection
	GlobalSection(ProjectConfigurationPlatforms) = postSolution
		{ED9D7113-8989-4173-9915-0FABFA3C8CBC}.Debug|Any CPU.ActiveCfg = Debug|Any CPU
		{ED9D7113-8989-4173-9915-0FABFA3C8CBC}.Debug|Any CPU.Build.0 = Debug|Any CPU
		{ED9D7113-8989-4173-9915-0FABFA3C8CBC}.Release|Any CPU.ActiveCfg = Release|Any CPU
		{ED9D7113-8989-4173-9915-0FABFA3C8CBC}.Release|Any CPU.Build.0 = Release|Any CPU
		{E840BD93-8A12-4F36-93C6-B5408707D4AA}.Debug|Any CPU.ActiveCfg = Debug|Any CPU
		{E840BD93-8A12-4F36-93C6-B5408707D4AA}.Debug|Any CPU.Build.0 = Debug|Any CPU
		{E840BD93-8A12-4F36-93C6-B5408707D4AA}.Release|Any CPU.ActiveCfg = Release|Any CPU
		{E840BD93-8A12-4F36-93C6-B5408707D4AA}.Release|Any CPU.Build.0 = Release|Any CPU
	EndGlobalSection
	GlobalSection(SolutionProperties) = preSolution
		HideSolutionNode = FALSE
	EndGlobalSection
	GlobalSection(ExtensibilityGlobals) = postSolution
		SolutionGuid = {D0A71B09-F734-46AB-B21F-83099001D741}
	EndGlobalSection
EndGlobal
